
Microsoft Visual Studio Solution File, Format Version 12.00
# Visual Studio Version 17
VisualStudioVersion = 17.0.31903.59
MinimumVisualStudioVersion = 10.0.40219.1
Project("{FAE04EC0-301F-11D3-BF4B-00C04F79EFBC}") = "Modulo4", "Modulo4\Modulo4.csproj", "{636E73BD-63F5-4237-8BEA-E237B0EADC53}"
EndProject
Project("{2150E333-8FDC-42A3-9474-1A3956D46DE8}") = "Modulo5", "Modulo5", "{F5DE19AF-B258-4476-8C5E-2D20631418D4}"
EndProject
Project("{FAE04EC0-301F-11D3-BF4B-00C04F79EFBC}") = "WebIsaakNewton", "Modulo5\WebIsaakNewton\WebIsaakNewton.csproj", "{9DE54866-CE03-4741-9DAB-93E8AC243D3A}"
EndProject
Project("{2150E333-8FDC-42A3-9474-1A3956D46DE8}") = "Modulo6", "Modulo6", "{CF5E7ABD-CEEB-4831-944A-86F20F6FFB06}"
EndProject
Project("{FAE04EC0-301F-11D3-BF4B-00C04F79EFBC}") = "Ap.Controle", "Modulo6\Ap.Controle\Ap.Controle.csproj", "{822A448C-EF45-4667-8476-DF7AB5045FC1}"
EndProject
Project("{FAE04EC0-301F-11D3-BF4B-00C04F79EFBC}") = "ConsoleDbApp", "Modulo6\ConsoleDbApp\ConsoleDbApp.csproj", "{9EAB8EF3-E72C-47D4-B48B-5FCFA31E4C2A}"
EndProject
Project("{2150E333-8FDC-42A3-9474-1A3956D46DE8}") = "EntityFramework", "EntityFramework", "{9E331FEA-36A0-450E-8C95-9931D07ADA09}"
EndProject
Project("{FAE04EC0-301F-11D3-BF4B-00C04F79EFBC}") = "ConcessionariaZils", "EntityFramework\ConcessionariaZils\ConcessionariaZils.csproj", "{F6A9632E-F11F-4229-84B0-CB6D60E924D2}"
EndProject
Project("{FAE04EC0-301F-11D3-BF4B-00C04F79EFBC}") = "ConsoleAppDb", "EntityFramework\ConsoleAppDb\ConsoleAppDb.csproj", "{D12CFF30-0184-45F0-A99A-5276F8F61D89}"
EndProject
Project("{2150E333-8FDC-42A3-9474-1A3956D46DE8}") = "ProjetoWebApi", "ProjetoWebApi", "{B4D754EE-8B08-4AE4-8F02-12DB63F7235A}"
EndProject
Project("{FAE04EC0-301F-11D3-BF4B-00C04F79EFBC}") = "Api.ApControle", "ProjetoWebApi\Api.ApControle\Api.ApControle.csproj", "{125946BC-380F-4F14-B4B7-EDBDCA9D3B00}"
EndProject
Project("{2150E333-8FDC-42A3-9474-1A3956D46DE8}") = "TestesUnitarios", "TestesUnitarios", "{3C01888B-3560-41DD-BFC1-614A2FD5915B}"
EndProject
Project("{FAE04EC0-301F-11D3-BF4B-00C04F79EFBC}") = "ApControle", "TestesUnitarios\ApControle\ApControle.csproj", "{0144C84F-CDA0-4E9D-A607-97A2E329C30B}"
EndProject
Project("{FAE04EC0-301F-11D3-BF4B-00C04F79EFBC}") = "Calculadora", "TestesUnitarios\Calculadora\Calculadora.csproj", "{41E66CB1-2EFC-4749-88F3-CCB8B302F504}"
EndProject
Project("{FAE04EC0-301F-11D3-BF4B-00C04F79EFBC}") = "CalculadoraTestes", "TestesUnitarios\CalculadoraTestes\CalculadoraTestes.csproj", "{4BD843D2-20BF-4228-B9ED-7C52D2A28716}"
EndProject
Project("{FAE04EC0-301F-11D3-BF4B-00C04F79EFBC}") = "Banco", "TestesUnitarios\Banco\Banco.csproj", "{AC0536DC-4896-469A-96CE-AA84CA85576B}"
EndProject
Project("{FAE04EC0-301F-11D3-BF4B-00C04F79EFBC}") = "BancoTestes", "TestesUnitarios\BancoTestes\BancoTestes.csproj", "{DC97910E-E988-4071-9FDE-EDC3C0BFB6C0}"
EndProject
Global
	GlobalSection(SolutionConfigurationPlatforms) = preSolution
		Debug|Any CPU = Debug|Any CPU
		Release|Any CPU = Release|Any CPU
	EndGlobalSection
	GlobalSection(SolutionProperties) = preSolution
		HideSolutionNode = FALSE
	EndGlobalSection
	GlobalSection(ProjectConfigurationPlatforms) = postSolution
		{636E73BD-63F5-4237-8BEA-E237B0EADC53}.Debug|Any CPU.ActiveCfg = Debug|Any CPU
		{636E73BD-63F5-4237-8BEA-E237B0EADC53}.Debug|Any CPU.Build.0 = Debug|Any CPU
		{636E73BD-63F5-4237-8BEA-E237B0EADC53}.Release|Any CPU.ActiveCfg = Release|Any CPU
		{636E73BD-63F5-4237-8BEA-E237B0EADC53}.Release|Any CPU.Build.0 = Release|Any CPU
		{9DE54866-CE03-4741-9DAB-93E8AC243D3A}.Debug|Any CPU.ActiveCfg = Debug|Any CPU
		{9DE54866-CE03-4741-9DAB-93E8AC243D3A}.Debug|Any CPU.Build.0 = Debug|Any CPU
		{9DE54866-CE03-4741-9DAB-93E8AC243D3A}.Release|Any CPU.ActiveCfg = Release|Any CPU
		{9DE54866-CE03-4741-9DAB-93E8AC243D3A}.Release|Any CPU.Build.0 = Release|Any CPU
		{822A448C-EF45-4667-8476-DF7AB5045FC1}.Debug|Any CPU.ActiveCfg = Debug|Any CPU
		{822A448C-EF45-4667-8476-DF7AB5045FC1}.Debug|Any CPU.Build.0 = Debug|Any CPU
		{822A448C-EF45-4667-8476-DF7AB5045FC1}.Release|Any CPU.ActiveCfg = Release|Any CPU
		{822A448C-EF45-4667-8476-DF7AB5045FC1}.Release|Any CPU.Build.0 = Release|Any CPU
		{9EAB8EF3-E72C-47D4-B48B-5FCFA31E4C2A}.Debug|Any CPU.ActiveCfg = Debug|Any CPU
		{9EAB8EF3-E72C-47D4-B48B-5FCFA31E4C2A}.Debug|Any CPU.Build.0 = Debug|Any CPU
		{9EAB8EF3-E72C-47D4-B48B-5FCFA31E4C2A}.Release|Any CPU.ActiveCfg = Release|Any CPU
		{9EAB8EF3-E72C-47D4-B48B-5FCFA31E4C2A}.Release|Any CPU.Build.0 = Release|Any CPU
		{F6A9632E-F11F-4229-84B0-CB6D60E924D2}.Debug|Any CPU.ActiveCfg = Debug|Any CPU
		{F6A9632E-F11F-4229-84B0-CB6D60E924D2}.Debug|Any CPU.Build.0 = Debug|Any CPU
		{F6A9632E-F11F-4229-84B0-CB6D60E924D2}.Release|Any CPU.ActiveCfg = Release|Any CPU
		{F6A9632E-F11F-4229-84B0-CB6D60E924D2}.Release|Any CPU.Build.0 = Release|Any CPU
		{D12CFF30-0184-45F0-A99A-5276F8F61D89}.Debug|Any CPU.ActiveCfg = Debug|Any CPU
		{D12CFF30-0184-45F0-A99A-5276F8F61D89}.Debug|Any CPU.Build.0 = Debug|Any CPU
		{D12CFF30-0184-45F0-A99A-5276F8F61D89}.Release|Any CPU.ActiveCfg = Release|Any CPU
		{D12CFF30-0184-45F0-A99A-5276F8F61D89}.Release|Any CPU.Build.0 = Release|Any CPU
		{125946BC-380F-4F14-B4B7-EDBDCA9D3B00}.Debug|Any CPU.ActiveCfg = Debug|Any CPU
		{125946BC-380F-4F14-B4B7-EDBDCA9D3B00}.Debug|Any CPU.Build.0 = Debug|Any CPU
		{125946BC-380F-4F14-B4B7-EDBDCA9D3B00}.Release|Any CPU.ActiveCfg = Release|Any CPU
		{125946BC-380F-4F14-B4B7-EDBDCA9D3B00}.Release|Any CPU.Build.0 = Release|Any CPU
		{0144C84F-CDA0-4E9D-A607-97A2E329C30B}.Debug|Any CPU.ActiveCfg = Debug|Any CPU
		{0144C84F-CDA0-4E9D-A607-97A2E329C30B}.Debug|Any CPU.Build.0 = Debug|Any CPU
		{0144C84F-CDA0-4E9D-A607-97A2E329C30B}.Release|Any CPU.ActiveCfg = Release|Any CPU
		{0144C84F-CDA0-4E9D-A607-97A2E329C30B}.Release|Any CPU.Build.0 = Release|Any CPU
		{41E66CB1-2EFC-4749-88F3-CCB8B302F504}.Debug|Any CPU.ActiveCfg = Debug|Any CPU
		{41E66CB1-2EFC-4749-88F3-CCB8B302F504}.Debug|Any CPU.Build.0 = Debug|Any CPU
		{41E66CB1-2EFC-4749-88F3-CCB8B302F504}.Release|Any CPU.ActiveCfg = Release|Any CPU
		{41E66CB1-2EFC-4749-88F3-CCB8B302F504}.Release|Any CPU.Build.0 = Release|Any CPU
		{4BD843D2-20BF-4228-B9ED-7C52D2A28716}.Debug|Any CPU.ActiveCfg = Debug|Any CPU
		{4BD843D2-20BF-4228-B9ED-7C52D2A28716}.Debug|Any CPU.Build.0 = Debug|Any CPU
		{4BD843D2-20BF-4228-B9ED-7C52D2A28716}.Release|Any CPU.ActiveCfg = Release|Any CPU
		{4BD843D2-20BF-4228-B9ED-7C52D2A28716}.Release|Any CPU.Build.0 = Release|Any CPU
		{AC0536DC-4896-469A-96CE-AA84CA85576B}.Debug|Any CPU.ActiveCfg = Debug|Any CPU
		{AC0536DC-4896-469A-96CE-AA84CA85576B}.Debug|Any CPU.Build.0 = Debug|Any CPU
		{AC0536DC-4896-469A-96CE-AA84CA85576B}.Release|Any CPU.ActiveCfg = Release|Any CPU
		{AC0536DC-4896-469A-96CE-AA84CA85576B}.Release|Any CPU.Build.0 = Release|Any CPU
		{DC97910E-E988-4071-9FDE-EDC3C0BFB6C0}.Debug|Any CPU.ActiveCfg = Debug|Any CPU
		{DC97910E-E988-4071-9FDE-EDC3C0BFB6C0}.Debug|Any CPU.Build.0 = Debug|Any CPU
		{DC97910E-E988-4071-9FDE-EDC3C0BFB6C0}.Release|Any CPU.ActiveCfg = Release|Any CPU
		{DC97910E-E988-4071-9FDE-EDC3C0BFB6C0}.Release|Any CPU.Build.0 = Release|Any CPU
	EndGlobalSection
	GlobalSection(NestedProjects) = preSolution
		{9DE54866-CE03-4741-9DAB-93E8AC243D3A} = {F5DE19AF-B258-4476-8C5E-2D20631418D4}
		{822A448C-EF45-4667-8476-DF7AB5045FC1} = {CF5E7ABD-CEEB-4831-944A-86F20F6FFB06}
		{9EAB8EF3-E72C-47D4-B48B-5FCFA31E4C2A} = {CF5E7ABD-CEEB-4831-944A-86F20F6FFB06}
		{F6A9632E-F11F-4229-84B0-CB6D60E924D2} = {9E331FEA-36A0-450E-8C95-9931D07ADA09}
		{D12CFF30-0184-45F0-A99A-5276F8F61D89} = {9E331FEA-36A0-450E-8C95-9931D07ADA09}
		{125946BC-380F-4F14-B4B7-EDBDCA9D3B00} = {B4D754EE-8B08-4AE4-8F02-12DB63F7235A}
		{0144C84F-CDA0-4E9D-A607-97A2E329C30B} = {3C01888B-3560-41DD-BFC1-614A2FD5915B}
		{41E66CB1-2EFC-4749-88F3-CCB8B302F504} = {3C01888B-3560-41DD-BFC1-614A2FD5915B}
		{4BD843D2-20BF-4228-B9ED-7C52D2A28716} = {3C01888B-3560-41DD-BFC1-614A2FD5915B}
		{AC0536DC-4896-469A-96CE-AA84CA85576B} = {3C01888B-3560-41DD-BFC1-614A2FD5915B}
		{DC97910E-E988-4071-9FDE-EDC3C0BFB6C0} = {3C01888B-3560-41DD-BFC1-614A2FD5915B}
	EndGlobalSection
EndGlobal
