
Microsoft Visual Studio Solution File, Format Version 12.00
# Visual Studio Version 17
VisualStudioVersion = 17.7.34221.43
MinimumVisualStudioVersion = 10.0.40219.1
Project("{FAE04EC0-301F-11D3-BF4B-00C04F79EFBC}") = "IsackNewton.Data", "IsackNewton.Data\IsackNewton.Data.csproj", "{F2CDF723-D163-48E7-A956-64369A211B6C}"
EndProject
Project("{FAE04EC0-301F-11D3-BF4B-00C04F79EFBC}") = "IsakNewton.WebApi.Internal", "IsakNewton.WebApi.Internal\IsakNewton.WebApi.Internal.csproj", "{B7CB327C-9C74-4316-9D6E-994C4EA1D3BF}"
EndProject
Project("{FAE04EC0-301F-11D3-BF4B-00C04F79EFBC}") = "IsacNewton.Service", "IsacNewton.Service\IsacNewton.Service.csproj", "{38AA8354-494D-4610-A258-C22C02C8F114}"
EndProject
Global
	GlobalSection(SolutionConfigurationPlatforms) = preSolution
		Debug|Any CPU = Debug|Any CPU
		Release|Any CPU = Release|Any CPU
	EndGlobalSection
	GlobalSection(ProjectConfigurationPlatforms) = postSolution
		{F2CDF723-D163-48E7-A956-64369A211B6C}.Debug|Any CPU.ActiveCfg = Debug|Any CPU
		{F2CDF723-D163-48E7-A956-64369A211B6C}.Debug|Any CPU.Build.0 = Debug|Any CPU
		{F2CDF723-D163-48E7-A956-64369A211B6C}.Release|Any CPU.ActiveCfg = Release|Any CPU
		{F2CDF723-D163-48E7-A956-64369A211B6C}.Release|Any CPU.Build.0 = Release|Any CPU
		{B7CB327C-9C74-4316-9D6E-994C4EA1D3BF}.Debug|Any CPU.ActiveCfg = Debug|Any CPU
		{B7CB327C-9C74-4316-9D6E-994C4EA1D3BF}.Debug|Any CPU.Build.0 = Debug|Any CPU
		{B7CB327C-9C74-4316-9D6E-994C4EA1D3BF}.Release|Any CPU.ActiveCfg = Release|Any CPU
		{B7CB327C-9C74-4316-9D6E-994C4EA1D3BF}.Release|Any CPU.Build.0 = Release|Any CPU
		{38AA8354-494D-4610-A258-C22C02C8F114}.Debug|Any CPU.ActiveCfg = Debug|Any CPU
		{38AA8354-494D-4610-A258-C22C02C8F114}.Debug|Any CPU.Build.0 = Debug|Any CPU
		{38AA8354-494D-4610-A258-C22C02C8F114}.Release|Any CPU.ActiveCfg = Release|Any CPU
		{38AA8354-494D-4610-A258-C22C02C8F114}.Release|Any CPU.Build.0 = Release|Any CPU
	EndGlobalSection
	GlobalSection(SolutionProperties) = preSolution
		HideSolutionNode = FALSE
	EndGlobalSection
	GlobalSection(ExtensibilityGlobals) = postSolution
		SolutionGuid = {31CB1DBC-5017-4EE3-AB27-D224743BB274}
	EndGlobalSection
EndGlobal
